
Microsoft Visual Studio Solution File, Format Version 12.00
# Visual Studio Version 16
VisualStudioVersion = 16.0.32630.194
MinimumVisualStudioVersion = 10.0.40219.1
Project("{FAE04EC0-301F-11D3-BF4B-00C04F79EFBC}") = "CachedFunc2", "CachedFunc2\CachedFunc2.csproj", "{2ECE9697-BF35-4A56-9EC4-0C8DB47408B5}"
EndProject
Project("{FAE04EC0-301F-11D3-BF4B-00C04F79EFBC}") = "Test", "Test\Test.csproj", "{9573505C-0780-47A5-BFF6-BA340E7E208C}"
EndProject
Global
	GlobalSection(SolutionConfigurationPlatforms) = preSolution
		Debug|Any CPU = Debug|Any CPU
		Release|Any CPU = Release|Any CPU
	EndGlobalSection
	GlobalSection(ProjectConfigurationPlatforms) = postSolution
		{2ECE9697-BF35-4A56-9EC4-0C8DB47408B5}.Debug|Any CPU.ActiveCfg = Debug|Any CPU
		{2ECE9697-BF35-4A56-9EC4-0C8DB47408B5}.Debug|Any CPU.Build.0 = Debug|Any CPU
		{2ECE9697-BF35-4A56-9EC4-0C8DB47408B5}.Release|Any CPU.ActiveCfg = Release|Any CPU
		{2ECE9697-BF35-4A56-9EC4-0C8DB47408B5}.Release|Any CPU.Build.0 = Release|Any CPU
		{9573505C-0780-47A5-BFF6-BA340E7E208C}.Debug|Any CPU.ActiveCfg = Debug|Any CPU
		{9573505C-0780-47A5-BFF6-BA340E7E208C}.Debug|Any CPU.Build.0 = Debug|Any CPU
		{9573505C-0780-47A5-BFF6-BA340E7E208C}.Release|Any CPU.ActiveCfg = Release|Any CPU
		{9573505C-0780-47A5-BFF6-BA340E7E208C}.Release|Any CPU.Build.0 = Release|Any CPU
	EndGlobalSection
	GlobalSection(SolutionProperties) = preSolution
		HideSolutionNode = FALSE
	EndGlobalSection
	GlobalSection(ExtensibilityGlobals) = postSolution
		SolutionGuid = {2B4A5DD4-3B48-40D6-B362-7059D19D33DD}
	EndGlobalSection
EndGlobal
